// !$*UTF8*$!
{
	archiveVersion = 1;
	classes = {
	};
	objectVersion = 46;
	objects = {

/* Begin PBXBuildFile section */
		1F09AFEC15792B810081DC63 /* Cocoa.framework in Frameworks */ = {isa = PBXBuildFile; fileRef = 1F09AFEB15792B810081DC63 /* Cocoa.framework */; };
		1F09AFF615792B810081DC63 /* InfoPlist.strings in Resources */ = {isa = PBXBuildFile; fileRef = 1F09AFF415792B810081DC63 /* InfoPlist.strings */; };
		1F09AFF815792B810081DC63 /* main.m in Sources */ = {isa = PBXBuildFile; fileRef = 1F09AFF715792B810081DC63 /* main.m */; };
		1F09AFFC15792B810081DC63 /* Credits.rtf in Resources */ = {isa = PBXBuildFile; fileRef = 1F09AFFA15792B810081DC63 /* Credits.rtf */; };
		1F09AFFF15792B810081DC63 /* STAAppDelegate.m in Sources */ = {isa = PBXBuildFile; fileRef = 1F09AFFE15792B810081DC63 /* STAAppDelegate.m */; };
		1F09B00215792B810081DC63 /* MainMenu.xib in Resources */ = {isa = PBXBuildFile; fileRef = 1F09B00015792B810081DC63 /* MainMenu.xib */; };
		1F09B00A15792B810081DC63 /* SenTestingKit.framework in Frameworks */ = {isa = PBXBuildFile; fileRef = 1F09B00915792B810081DC63 /* SenTestingKit.framework */; };
		1F09B00B15792B810081DC63 /* Cocoa.framework in Frameworks */ = {isa = PBXBuildFile; fileRef = 1F09AFEB15792B810081DC63 /* Cocoa.framework */; };
		1F09B01315792B810081DC63 /* InfoPlist.strings in Resources */ = {isa = PBXBuildFile; fileRef = 1F09B01115792B810081DC63 /* InfoPlist.strings */; };
		1F09B01615792B810081DC63 /* StashTests.m in Sources */ = {isa = PBXBuildFile; fileRef = 1F09B01515792B810081DC63 /* StashTests.m */; };
		1F09B020157934F90081DC63 /* WebKit.framework in Frameworks */ = {isa = PBXBuildFile; fileRef = 1F09B01F157934F90081DC63 /* WebKit.framework */; };
		1F09B02315795C7F0081DC63 /* STADocSet.m in Sources */ = {isa = PBXBuildFile; fileRef = 1F09B02215795C7F0081DC63 /* STADocSet.m */; };
		1F09B02A157A06510081DC63 /* HTMLNode.m in Sources */ = {isa = PBXBuildFile; fileRef = 1F09B026157A06510081DC63 /* HTMLNode.m */; settings = {COMPILER_FLAGS = "-fno-objc-arc"; }; };
		1F09B02B157A06510081DC63 /* HTMLParser.m in Sources */ = {isa = PBXBuildFile; fileRef = 1F09B028157A06510081DC63 /* HTMLParser.m */; settings = {COMPILER_FLAGS = "-fno-objc-arc"; }; };
		1F09B02E157A067F0081DC63 /* libxml2.dylib in Frameworks */ = {isa = PBXBuildFile; fileRef = 1F09B02D157A067F0081DC63 /* libxml2.dylib */; };
		1F09B031157A12E70081DC63 /* STASymbol.m in Sources */ = {isa = PBXBuildFile; fileRef = 1F09B030157A12E70081DC63 /* STASymbol.m */; };
		1F50A3A6157BA41C00CF6068 /* STASymbolTableViewCell.m in Sources */ = {isa = PBXBuildFile; fileRef = 1F50A3A5157BA41C00CF6068 /* STASymbolTableViewCell.m */; };
		1F50A3C9157BAAA400CF6068 /* Category.png in Resources */ = {isa = PBXBuildFile; fileRef = 1F50A3B1157BAAA400CF6068 /* Category.png */; };
		1F50A3CA157BAAA400CF6068 /* Category@2x.png in Resources */ = {isa = PBXBuildFile; fileRef = 1F50A3B2157BAAA400CF6068 /* Category@2x.png */; };
		1F50A3CB157BAAA400CF6068 /* Class.png in Resources */ = {isa = PBXBuildFile; fileRef = 1F50A3B3157BAAA400CF6068 /* Class.png */; };
		1F50A3CC157BAAA400CF6068 /* Class@2x.png in Resources */ = {isa = PBXBuildFile; fileRef = 1F50A3B4157BAAA400CF6068 /* Class@2x.png */; };
		1F50A3CD157BAAA400CF6068 /* Enum.png in Resources */ = {isa = PBXBuildFile; fileRef = 1F50A3B5157BAAA400CF6068 /* Enum.png */; };
		1F50A3CE157BAAA400CF6068 /* Enum@2x.png in Resources */ = {isa = PBXBuildFile; fileRef = 1F50A3B6157BAAA400CF6068 /* Enum@2x.png */; };
		1F50A3CF157BAAA400CF6068 /* Function.png in Resources */ = {isa = PBXBuildFile; fileRef = 1F50A3B7157BAAA400CF6068 /* Function.png */; };
		1F50A3D0157BAAA400CF6068 /* Function@2x.png in Resources */ = {isa = PBXBuildFile; fileRef = 1F50A3B8157BAAA400CF6068 /* Function@2x.png */; };
		1F50A3D1157BAAA400CF6068 /* Macro.png in Resources */ = {isa = PBXBuildFile; fileRef = 1F50A3B9157BAAA400CF6068 /* Macro.png */; };
		1F50A3D2157BAAA400CF6068 /* Macro@2x.png in Resources */ = {isa = PBXBuildFile; fileRef = 1F50A3BA157BAAA400CF6068 /* Macro@2x.png */; };
		1F50A3D3157BAAA400CF6068 /* Method.png in Resources */ = {isa = PBXBuildFile; fileRef = 1F50A3BB157BAAA400CF6068 /* Method.png */; };
		1F50A3D4157BAAA400CF6068 /* Method@2x.png in Resources */ = {isa = PBXBuildFile; fileRef = 1F50A3BC157BAAA400CF6068 /* Method@2x.png */; };
		1F50A3D5157BAAA400CF6068 /* Property.png in Resources */ = {isa = PBXBuildFile; fileRef = 1F50A3BD157BAAA400CF6068 /* Property.png */; };
		1F50A3D6157BAAA400CF6068 /* Property@2x.png in Resources */ = {isa = PBXBuildFile; fileRef = 1F50A3BE157BAAA400CF6068 /* Property@2x.png */; };
		1F50A3D7157BAAA400CF6068 /* Protocol.png in Resources */ = {isa = PBXBuildFile; fileRef = 1F50A3BF157BAAA400CF6068 /* Protocol.png */; };
		1F50A3D8157BAAA400CF6068 /* Protocol@2x.png in Resources */ = {isa = PBXBuildFile; fileRef = 1F50A3C0157BAAA400CF6068 /* Protocol@2x.png */; };
		1F50A3D9157BAAA400CF6068 /* Struct.png in Resources */ = {isa = PBXBuildFile; fileRef = 1F50A3C1157BAAA400CF6068 /* Struct.png */; };
		1F50A3DA157BAAA400CF6068 /* Struct@2x.png in Resources */ = {isa = PBXBuildFile; fileRef = 1F50A3C2157BAAA400CF6068 /* Struct@2x.png */; };
		1F50A3DB157BAAA400CF6068 /* Typedef.png in Resources */ = {isa = PBXBuildFile; fileRef = 1F50A3C3157BAAA400CF6068 /* Typedef.png */; };
		1F50A3DC157BAAA400CF6068 /* Typedef@2x.png in Resources */ = {isa = PBXBuildFile; fileRef = 1F50A3C4157BAAA400CF6068 /* Typedef@2x.png */; };
		1F50A3DD157BAAA400CF6068 /* Union.png in Resources */ = {isa = PBXBuildFile; fileRef = 1F50A3C5157BAAA400CF6068 /* Union.png */; };
		1F50A3DE157BAAA400CF6068 /* Union@2x.png in Resources */ = {isa = PBXBuildFile; fileRef = 1F50A3C6157BAAA400CF6068 /* Union@2x.png */; };
		1F50A3DF157BAAA400CF6068 /* Value.png in Resources */ = {isa = PBXBuildFile; fileRef = 1F50A3C7157BAAA400CF6068 /* Value.png */; };
		1F50A3E0157BAAA400CF6068 /* Value@2x.png in Resources */ = {isa = PBXBuildFile; fileRef = 1F50A3C8157BAAA400CF6068 /* Value@2x.png */; };
		1FBF3DE2157CAFD4007B8D97 /* STAPreferencesController.xib in Resources */ = {isa = PBXBuildFile; fileRef = 1FBF3DE1157CAFD4007B8D97 /* STAPreferencesController.xib */; };
		1FBF3DE6157CAFEC007B8D97 /* STAPreferencesController.m in Sources */ = {isa = PBXBuildFile; fileRef = 1FBF3DE5157CAFEC007B8D97 /* STAPreferencesController.m */; };
		1FBF3DED157E3F22007B8D97 /* iOS.png in Resources */ = {isa = PBXBuildFile; fileRef = 1FBF3DE9157E3F22007B8D97 /* iOS.png */; };
		1FBF3DEE157E3F22007B8D97 /* iOS@2x.png in Resources */ = {isa = PBXBuildFile; fileRef = 1FBF3DEA157E3F22007B8D97 /* iOS@2x.png */; };
		1FBF3DEF157E3F22007B8D97 /* MacOS.png in Resources */ = {isa = PBXBuildFile; fileRef = 1FBF3DEB157E3F22007B8D97 /* MacOS.png */; };
		1FBF3DF0157E3F22007B8D97 /* MacOS@2x.png in Resources */ = {isa = PBXBuildFile; fileRef = 1FBF3DEC157E3F22007B8D97 /* MacOS@2x.png */; };
/* End PBXBuildFile section */

/* Begin PBXContainerItemProxy section */
		1F09B00C15792B810081DC63 /* PBXContainerItemProxy */ = {
			isa = PBXContainerItemProxy;
			containerPortal = 1F09AFDE15792B810081DC63 /* Project object */;
			proxyType = 1;
			remoteGlobalIDString = 1F09AFE615792B810081DC63;
			remoteInfo = Stash;
		};
/* End PBXContainerItemProxy section */

/* Begin PBXFileReference section */
		1F09AFE715792B810081DC63 /* Stash.app */ = {isa = PBXFileReference; explicitFileType = wrapper.application; includeInIndex = 0; path = Stash.app; sourceTree = BUILT_PRODUCTS_DIR; };
		1F09AFEB15792B810081DC63 /* Cocoa.framework */ = {isa = PBXFileReference; lastKnownFileType = wrapper.framework; name = Cocoa.framework; path = System/Library/Frameworks/Cocoa.framework; sourceTree = SDKROOT; };
		1F09AFEE15792B810081DC63 /* AppKit.framework */ = {isa = PBXFileReference; lastKnownFileType = wrapper.framework; name = AppKit.framework; path = System/Library/Frameworks/AppKit.framework; sourceTree = SDKROOT; };
		1F09AFEF15792B810081DC63 /* CoreData.framework */ = {isa = PBXFileReference; lastKnownFileType = wrapper.framework; name = CoreData.framework; path = System/Library/Frameworks/CoreData.framework; sourceTree = SDKROOT; };
		1F09AFF015792B810081DC63 /* Foundation.framework */ = {isa = PBXFileReference; lastKnownFileType = wrapper.framework; name = Foundation.framework; path = System/Library/Frameworks/Foundation.framework; sourceTree = SDKROOT; };
		1F09AFF315792B810081DC63 /* Stash-Info.plist */ = {isa = PBXFileReference; lastKnownFileType = text.plist.xml; path = "Stash-Info.plist"; sourceTree = "<group>"; };
		1F09AFF515792B810081DC63 /* en */ = {isa = PBXFileReference; lastKnownFileType = text.plist.strings; name = en; path = en.lproj/InfoPlist.strings; sourceTree = "<group>"; };
		1F09AFF715792B810081DC63 /* main.m */ = {isa = PBXFileReference; lastKnownFileType = sourcecode.c.objc; path = main.m; sourceTree = "<group>"; };
		1F09AFF915792B810081DC63 /* Stash-Prefix.pch */ = {isa = PBXFileReference; lastKnownFileType = sourcecode.c.h; path = "Stash-Prefix.pch"; sourceTree = "<group>"; };
		1F09AFFB15792B810081DC63 /* en */ = {isa = PBXFileReference; lastKnownFileType = text.rtf; name = en; path = en.lproj/Credits.rtf; sourceTree = "<group>"; };
		1F09AFFD15792B810081DC63 /* STAAppDelegate.h */ = {isa = PBXFileReference; lastKnownFileType = sourcecode.c.h; path = STAAppDelegate.h; sourceTree = "<group>"; };
		1F09AFFE15792B810081DC63 /* STAAppDelegate.m */ = {isa = PBXFileReference; lastKnownFileType = sourcecode.c.objc; path = STAAppDelegate.m; sourceTree = "<group>"; };
		1F09B00115792B810081DC63 /* en */ = {isa = PBXFileReference; lastKnownFileType = file.xib; name = en; path = en.lproj/MainMenu.xib; sourceTree = "<group>"; };
		1F09B00815792B810081DC63 /* StashTests.octest */ = {isa = PBXFileReference; explicitFileType = wrapper.cfbundle; includeInIndex = 0; path = StashTests.octest; sourceTree = BUILT_PRODUCTS_DIR; };
		1F09B00915792B810081DC63 /* SenTestingKit.framework */ = {isa = PBXFileReference; lastKnownFileType = wrapper.framework; name = SenTestingKit.framework; path = Library/Frameworks/SenTestingKit.framework; sourceTree = DEVELOPER_DIR; };
		1F09B01015792B810081DC63 /* StashTests-Info.plist */ = {isa = PBXFileReference; lastKnownFileType = text.plist.xml; path = "StashTests-Info.plist"; sourceTree = "<group>"; };
		1F09B01215792B810081DC63 /* en */ = {isa = PBXFileReference; lastKnownFileType = text.plist.strings; name = en; path = en.lproj/InfoPlist.strings; sourceTree = "<group>"; };
		1F09B01415792B810081DC63 /* StashTests.h */ = {isa = PBXFileReference; lastKnownFileType = sourcecode.c.h; path = StashTests.h; sourceTree = "<group>"; };
		1F09B01515792B810081DC63 /* StashTests.m */ = {isa = PBXFileReference; lastKnownFileType = sourcecode.c.objc; path = StashTests.m; sourceTree = "<group>"; };
		1F09B01F157934F90081DC63 /* WebKit.framework */ = {isa = PBXFileReference; lastKnownFileType = wrapper.framework; name = WebKit.framework; path = System/Library/Frameworks/WebKit.framework; sourceTree = SDKROOT; };
		1F09B02115795C7F0081DC63 /* STADocSet.h */ = {isa = PBXFileReference; fileEncoding = 4; lastKnownFileType = sourcecode.c.h; path = STADocSet.h; sourceTree = "<group>"; };
		1F09B02215795C7F0081DC63 /* STADocSet.m */ = {isa = PBXFileReference; fileEncoding = 4; lastKnownFileType = sourcecode.c.objc; path = STADocSet.m; sourceTree = "<group>"; };
		1F09B025157A06510081DC63 /* HTMLNode.h */ = {isa = PBXFileReference; fileEncoding = 4; lastKnownFileType = sourcecode.c.h; path = HTMLNode.h; sourceTree = "<group>"; };
		1F09B026157A06510081DC63 /* HTMLNode.m */ = {isa = PBXFileReference; fileEncoding = 4; lastKnownFileType = sourcecode.c.objc; path = HTMLNode.m; sourceTree = "<group>"; };
		1F09B027157A06510081DC63 /* HTMLParser.h */ = {isa = PBXFileReference; fileEncoding = 4; lastKnownFileType = sourcecode.c.h; path = HTMLParser.h; sourceTree = "<group>"; };
		1F09B028157A06510081DC63 /* HTMLParser.m */ = {isa = PBXFileReference; fileEncoding = 4; lastKnownFileType = sourcecode.c.objc; path = HTMLParser.m; sourceTree = "<group>"; };
		1F09B02D157A067F0081DC63 /* libxml2.dylib */ = {isa = PBXFileReference; lastKnownFileType = "compiled.mach-o.dylib"; name = libxml2.dylib; path = usr/lib/libxml2.dylib; sourceTree = SDKROOT; };
		1F09B02F157A12E60081DC63 /* STASymbol.h */ = {isa = PBXFileReference; fileEncoding = 4; lastKnownFileType = sourcecode.c.h; path = STASymbol.h; sourceTree = "<group>"; };
		1F09B030157A12E70081DC63 /* STASymbol.m */ = {isa = PBXFileReference; fileEncoding = 4; lastKnownFileType = sourcecode.c.objc; path = STASymbol.m; sourceTree = "<group>"; };
		1F50A3A4157BA41C00CF6068 /* STASymbolTableViewCell.h */ = {isa = PBXFileReference; fileEncoding = 4; lastKnownFileType = sourcecode.c.h; path = STASymbolTableViewCell.h; sourceTree = "<group>"; };
		1F50A3A5157BA41C00CF6068 /* STASymbolTableViewCell.m */ = {isa = PBXFileReference; fileEncoding = 4; lastKnownFileType = sourcecode.c.objc; path = STASymbolTableViewCell.m; sourceTree = "<group>"; };
		1F50A3B1157BAAA400CF6068 /* Category.png */ = {isa = PBXFileReference; lastKnownFileType = image.png; path = Category.png; sourceTree = "<group>"; };
		1F50A3B2157BAAA400CF6068 /* Category@2x.png */ = {isa = PBXFileReference; lastKnownFileType = image.png; path = "Category@2x.png"; sourceTree = "<group>"; };
		1F50A3B3157BAAA400CF6068 /* Class.png */ = {isa = PBXFileReference; lastKnownFileType = image.png; path = Class.png; sourceTree = "<group>"; };
		1F50A3B4157BAAA400CF6068 /* Class@2x.png */ = {isa = PBXFileReference; lastKnownFileType = image.png; path = "Class@2x.png"; sourceTree = "<group>"; };
		1F50A3B5157BAAA400CF6068 /* Enum.png */ = {isa = PBXFileReference; lastKnownFileType = image.png; path = Enum.png; sourceTree = "<group>"; };
		1F50A3B6157BAAA400CF6068 /* Enum@2x.png */ = {isa = PBXFileReference; lastKnownFileType = image.png; path = "Enum@2x.png"; sourceTree = "<group>"; };
		1F50A3B7157BAAA400CF6068 /* Function.png */ = {isa = PBXFileReference; lastKnownFileType = image.png; path = Function.png; sourceTree = "<group>"; };
		1F50A3B8157BAAA400CF6068 /* Function@2x.png */ = {isa = PBXFileReference; lastKnownFileType = image.png; path = "Function@2x.png"; sourceTree = "<group>"; };
		1F50A3B9157BAAA400CF6068 /* Macro.png */ = {isa = PBXFileReference; lastKnownFileType = image.png; path = Macro.png; sourceTree = "<group>"; };
		1F50A3BA157BAAA400CF6068 /* Macro@2x.png */ = {isa = PBXFileReference; lastKnownFileType = image.png; path = "Macro@2x.png"; sourceTree = "<group>"; };
		1F50A3BB157BAAA400CF6068 /* Method.png */ = {isa = PBXFileReference; lastKnownFileType = image.png; path = Method.png; sourceTree = "<group>"; };
		1F50A3BC157BAAA400CF6068 /* Method@2x.png */ = {isa = PBXFileReference; lastKnownFileType = image.png; path = "Method@2x.png"; sourceTree = "<group>"; };
		1F50A3BD157BAAA400CF6068 /* Property.png */ = {isa = PBXFileReference; lastKnownFileType = image.png; path = Property.png; sourceTree = "<group>"; };
		1F50A3BE157BAAA400CF6068 /* Property@2x.png */ = {isa = PBXFileReference; lastKnownFileType = image.png; path = "Property@2x.png"; sourceTree = "<group>"; };
		1F50A3BF157BAAA400CF6068 /* Protocol.png */ = {isa = PBXFileReference; lastKnownFileType = image.png; path = Protocol.png; sourceTree = "<group>"; };
		1F50A3C0157BAAA400CF6068 /* Protocol@2x.png */ = {isa = PBXFileReference; lastKnownFileType = image.png; path = "Protocol@2x.png"; sourceTree = "<group>"; };
		1F50A3C1157BAAA400CF6068 /* Struct.png */ = {isa = PBXFileReference; lastKnownFileType = image.png; path = Struct.png; sourceTree = "<group>"; };
		1F50A3C2157BAAA400CF6068 /* Struct@2x.png */ = {isa = PBXFileReference; lastKnownFileType = image.png; path = "Struct@2x.png"; sourceTree = "<group>"; };
		1F50A3C3157BAAA400CF6068 /* Typedef.png */ = {isa = PBXFileReference; lastKnownFileType = image.png; path = Typedef.png; sourceTree = "<group>"; };
		1F50A3C4157BAAA400CF6068 /* Typedef@2x.png */ = {isa = PBXFileReference; lastKnownFileType = image.png; path = "Typedef@2x.png"; sourceTree = "<group>"; };
		1F50A3C5157BAAA400CF6068 /* Union.png */ = {isa = PBXFileReference; lastKnownFileType = image.png; path = Union.png; sourceTree = "<group>"; };
		1F50A3C6157BAAA400CF6068 /* Union@2x.png */ = {isa = PBXFileReference; lastKnownFileType = image.png; path = "Union@2x.png"; sourceTree = "<group>"; };
		1F50A3C7157BAAA400CF6068 /* Value.png */ = {isa = PBXFileReference; lastKnownFileType = image.png; path = Value.png; sourceTree = "<group>"; };
		1F50A3C8157BAAA400CF6068 /* Value@2x.png */ = {isa = PBXFileReference; lastKnownFileType = image.png; path = "Value@2x.png"; sourceTree = "<group>"; };
		1FBF3DE1157CAFD4007B8D97 /* STAPreferencesController.xib */ = {isa = PBXFileReference; fileEncoding = 4; lastKnownFileType = file.xib; path = STAPreferencesController.xib; sourceTree = "<group>"; };
		1FBF3DE4157CAFEC007B8D97 /* STAPreferencesController.h */ = {isa = PBXFileReference; fileEncoding = 4; lastKnownFileType = sourcecode.c.h; path = STAPreferencesController.h; sourceTree = "<group>"; };
		1FBF3DE5157CAFEC007B8D97 /* STAPreferencesController.m */ = {isa = PBXFileReference; fileEncoding = 4; lastKnownFileType = sourcecode.c.objc; path = STAPreferencesController.m; sourceTree = "<group>"; };
		1FBF3DE9157E3F22007B8D97 /* iOS.png */ = {isa = PBXFileReference; lastKnownFileType = image.png; path = iOS.png; sourceTree = "<group>"; };
		1FBF3DEA157E3F22007B8D97 /* iOS@2x.png */ = {isa = PBXFileReference; lastKnownFileType = image.png; path = "iOS@2x.png"; sourceTree = "<group>"; };
		1FBF3DEB157E3F22007B8D97 /* MacOS.png */ = {isa = PBXFileReference; lastKnownFileType = image.png; path = MacOS.png; sourceTree = "<group>"; };
		1FBF3DEC157E3F22007B8D97 /* MacOS@2x.png */ = {isa = PBXFileReference; lastKnownFileType = image.png; path = "MacOS@2x.png"; sourceTree = "<group>"; };
/* End PBXFileReference section */

/* Begin PBXFrameworksBuildPhase section */
		1F09AFE415792B810081DC63 /* Frameworks */ = {
			isa = PBXFrameworksBuildPhase;
			buildActionMask = 2147483647;
			files = (
				1F09B02E157A067F0081DC63 /* libxml2.dylib in Frameworks */,
				1F09B020157934F90081DC63 /* WebKit.framework in Frameworks */,
				1F09AFEC15792B810081DC63 /* Cocoa.framework in Frameworks */,
			);
			runOnlyForDeploymentPostprocessing = 0;
		};
		1F09B00415792B810081DC63 /* Frameworks */ = {
			isa = PBXFrameworksBuildPhase;
			buildActionMask = 2147483647;
			files = (
				1F09B00A15792B810081DC63 /* SenTestingKit.framework in Frameworks */,
				1F09B00B15792B810081DC63 /* Cocoa.framework in Frameworks */,
			);
			runOnlyForDeploymentPostprocessing = 0;
		};
/* End PBXFrameworksBuildPhase section */

/* Begin PBXGroup section */
		1F09AFDC15792B810081DC63 = {
			isa = PBXGroup;
			children = (
				1F09AFF115792B810081DC63 /* Stash */,
				1F09B00E15792B810081DC63 /* StashTests */,
				1F09AFEA15792B810081DC63 /* Frameworks */,
				1F09AFE815792B810081DC63 /* Products */,
			);
			sourceTree = "<group>";
		};
		1F09AFE815792B810081DC63 /* Products */ = {
			isa = PBXGroup;
			children = (
				1F09AFE715792B810081DC63 /* Stash.app */,
				1F09B00815792B810081DC63 /* StashTests.octest */,
			);
			name = Products;
			sourceTree = "<group>";
		};
		1F09AFEA15792B810081DC63 /* Frameworks */ = {
			isa = PBXGroup;
			children = (
				1F09B02D157A067F0081DC63 /* libxml2.dylib */,
				1F09AFEB15792B810081DC63 /* Cocoa.framework */,
				1F09B00915792B810081DC63 /* SenTestingKit.framework */,
				1F09B01F157934F90081DC63 /* WebKit.framework */,
				1F09AFED15792B810081DC63 /* Other Frameworks */,
			);
			name = Frameworks;
			sourceTree = "<group>";
		};
		1F09AFED15792B810081DC63 /* Other Frameworks */ = {
			isa = PBXGroup;
			children = (
				1F09AFEE15792B810081DC63 /* AppKit.framework */,
				1F09AFEF15792B810081DC63 /* CoreData.framework */,
				1F09AFF015792B810081DC63 /* Foundation.framework */,
			);
			name = "Other Frameworks";
			sourceTree = "<group>";
		};
		1F09AFF115792B810081DC63 /* Stash */ = {
			isa = PBXGroup;
			children = (
				1F09AFFD15792B810081DC63 /* STAAppDelegate.h */,
				1F09AFFE15792B810081DC63 /* STAAppDelegate.m */,
				1F09B00015792B810081DC63 /* MainMenu.xib */,
				1F09B02115795C7F0081DC63 /* STADocSet.h */,
				1F09B02215795C7F0081DC63 /* STADocSet.m */,
				1F09B02F157A12E60081DC63 /* STASymbol.h */,
				1F09B030157A12E70081DC63 /* STASymbol.m */,
				1F50A3A4157BA41C00CF6068 /* STASymbolTableViewCell.h */,
				1F50A3A5157BA41C00CF6068 /* STASymbolTableViewCell.m */,
				1FBF3DE1157CAFD4007B8D97 /* STAPreferencesController.xib */,
				1FBF3DE4157CAFEC007B8D97 /* STAPreferencesController.h */,
				1FBF3DE5157CAFEC007B8D97 /* STAPreferencesController.m */,
				1F09AFF215792B810081DC63 /* Supporting Files */,
				1F09B024157A06510081DC63 /* Objective-C-HMTL-Parser */,
				1F50A3B0157BAAA400CF6068 /* Images */,
			);
			path = Stash;
			sourceTree = "<group>";
		};
		1F09AFF215792B810081DC63 /* Supporting Files */ = {
			isa = PBXGroup;
			children = (
				1F09AFF315792B810081DC63 /* Stash-Info.plist */,
				1F09AFF415792B810081DC63 /* InfoPlist.strings */,
				1F09AFF715792B810081DC63 /* main.m */,
				1F09AFF915792B810081DC63 /* Stash-Prefix.pch */,
				1F09AFFA15792B810081DC63 /* Credits.rtf */,
			);
			name = "Supporting Files";
			sourceTree = "<group>";
		};
		1F09B00E15792B810081DC63 /* StashTests */ = {
			isa = PBXGroup;
			children = (
				1F09B01415792B810081DC63 /* StashTests.h */,
				1F09B01515792B810081DC63 /* StashTests.m */,
				1F09B00F15792B810081DC63 /* Supporting Files */,
			);
			path = StashTests;
			sourceTree = "<group>";
		};
		1F09B00F15792B810081DC63 /* Supporting Files */ = {
			isa = PBXGroup;
			children = (
				1F09B01015792B810081DC63 /* StashTests-Info.plist */,
				1F09B01115792B810081DC63 /* InfoPlist.strings */,
			);
			name = "Supporting Files";
			sourceTree = "<group>";
		};
		1F09B024157A06510081DC63 /* Objective-C-HMTL-Parser */ = {
			isa = PBXGroup;
			children = (
				1F09B025157A06510081DC63 /* HTMLNode.h */,
				1F09B026157A06510081DC63 /* HTMLNode.m */,
				1F09B027157A06510081DC63 /* HTMLParser.h */,
				1F09B028157A06510081DC63 /* HTMLParser.m */,
			);
			path = "Objective-C-HMTL-Parser";
			sourceTree = SOURCE_ROOT;
		};
		1F50A3B0157BAAA400CF6068 /* Images */ = {
			isa = PBXGroup;
			children = (
				1FBF3DE9157E3F22007B8D97 /* iOS.png */,
				1FBF3DEA157E3F22007B8D97 /* iOS@2x.png */,
				1FBF3DEB157E3F22007B8D97 /* MacOS.png */,
				1FBF3DEC157E3F22007B8D97 /* MacOS@2x.png */,
				1F50A3B1157BAAA400CF6068 /* Category.png */,
				1F50A3B2157BAAA400CF6068 /* Category@2x.png */,
				1F50A3B3157BAAA400CF6068 /* Class.png */,
				1F50A3B4157BAAA400CF6068 /* Class@2x.png */,
				1F50A3B5157BAAA400CF6068 /* Enum.png */,
				1F50A3B6157BAAA400CF6068 /* Enum@2x.png */,
				1F50A3B7157BAAA400CF6068 /* Function.png */,
				1F50A3B8157BAAA400CF6068 /* Function@2x.png */,
				1F50A3B9157BAAA400CF6068 /* Macro.png */,
				1F50A3BA157BAAA400CF6068 /* Macro@2x.png */,
				1F50A3BB157BAAA400CF6068 /* Method.png */,
				1F50A3BC157BAAA400CF6068 /* Method@2x.png */,
				1F50A3BD157BAAA400CF6068 /* Property.png */,
				1F50A3BE157BAAA400CF6068 /* Property@2x.png */,
				1F50A3BF157BAAA400CF6068 /* Protocol.png */,
				1F50A3C0157BAAA400CF6068 /* Protocol@2x.png */,
				1F50A3C1157BAAA400CF6068 /* Struct.png */,
				1F50A3C2157BAAA400CF6068 /* Struct@2x.png */,
				1F50A3C3157BAAA400CF6068 /* Typedef.png */,
				1F50A3C4157BAAA400CF6068 /* Typedef@2x.png */,
				1F50A3C5157BAAA400CF6068 /* Union.png */,
				1F50A3C6157BAAA400CF6068 /* Union@2x.png */,
				1F50A3C7157BAAA400CF6068 /* Value.png */,
				1F50A3C8157BAAA400CF6068 /* Value@2x.png */,
			);
			path = Images;
			sourceTree = SOURCE_ROOT;
		};
/* End PBXGroup section */

/* Begin PBXNativeTarget section */
		1F09AFE615792B810081DC63 /* Stash */ = {
			isa = PBXNativeTarget;
			buildConfigurationList = 1F09B01915792B810081DC63 /* Build configuration list for PBXNativeTarget "Stash" */;
			buildPhases = (
				1F09AFE315792B810081DC63 /* Sources */,
				1F09AFE415792B810081DC63 /* Frameworks */,
				1F09AFE515792B810081DC63 /* Resources */,
			);
			buildRules = (
			);
			dependencies = (
			);
			name = Stash;
			productName = Stash;
			productReference = 1F09AFE715792B810081DC63 /* Stash.app */;
			productType = "com.apple.product-type.application";
		};
		1F09B00715792B810081DC63 /* StashTests */ = {
			isa = PBXNativeTarget;
			buildConfigurationList = 1F09B01C15792B810081DC63 /* Build configuration list for PBXNativeTarget "StashTests" */;
			buildPhases = (
				1F09B00315792B810081DC63 /* Sources */,
				1F09B00415792B810081DC63 /* Frameworks */,
				1F09B00515792B810081DC63 /* Resources */,
				1F09B00615792B810081DC63 /* ShellScript */,
			);
			buildRules = (
			);
			dependencies = (
				1F09B00D15792B810081DC63 /* PBXTargetDependency */,
			);
			name = StashTests;
			productName = StashTests;
			productReference = 1F09B00815792B810081DC63 /* StashTests.octest */;
			productType = "com.apple.product-type.bundle";
		};
/* End PBXNativeTarget section */

/* Begin PBXProject section */
		1F09AFDE15792B810081DC63 /* Project object */ = {
			isa = PBXProject;
			attributes = {
				CLASSPREFIX = STA;
				LastUpgradeCheck = 0430;
				ORGANIZATIONNAME = "";
			};
			buildConfigurationList = 1F09AFE115792B810081DC63 /* Build configuration list for PBXProject "Stash" */;
			compatibilityVersion = "Xcode 3.2";
			developmentRegion = English;
			hasScannedForEncodings = 0;
			knownRegions = (
				en,
			);
			mainGroup = 1F09AFDC15792B810081DC63;
			productRefGroup = 1F09AFE815792B810081DC63 /* Products */;
			projectDirPath = "";
			projectRoot = "";
			targets = (
				1F09AFE615792B810081DC63 /* Stash */,
				1F09B00715792B810081DC63 /* StashTests */,
			);
		};
/* End PBXProject section */

/* Begin PBXResourcesBuildPhase section */
		1F09AFE515792B810081DC63 /* Resources */ = {
			isa = PBXResourcesBuildPhase;
			buildActionMask = 2147483647;
			files = (
				1F09AFF615792B810081DC63 /* InfoPlist.strings in Resources */,
				1F09AFFC15792B810081DC63 /* Credits.rtf in Resources */,
				1F09B00215792B810081DC63 /* MainMenu.xib in Resources */,
				1F50A3C9157BAAA400CF6068 /* Category.png in Resources */,
				1F50A3CA157BAAA400CF6068 /* Category@2x.png in Resources */,
				1F50A3CB157BAAA400CF6068 /* Class.png in Resources */,
				1F50A3CC157BAAA400CF6068 /* Class@2x.png in Resources */,
				1F50A3CD157BAAA400CF6068 /* Enum.png in Resources */,
				1F50A3CE157BAAA400CF6068 /* Enum@2x.png in Resources */,
				1F50A3CF157BAAA400CF6068 /* Function.png in Resources */,
				1F50A3D0157BAAA400CF6068 /* Function@2x.png in Resources */,
				1F50A3D1157BAAA400CF6068 /* Macro.png in Resources */,
				1F50A3D2157BAAA400CF6068 /* Macro@2x.png in Resources */,
				1F50A3D3157BAAA400CF6068 /* Method.png in Resources */,
				1F50A3D4157BAAA400CF6068 /* Method@2x.png in Resources */,
				1F50A3D5157BAAA400CF6068 /* Property.png in Resources */,
				1F50A3D6157BAAA400CF6068 /* Property@2x.png in Resources */,
				1F50A3D7157BAAA400CF6068 /* Protocol.png in Resources */,
				1F50A3D8157BAAA400CF6068 /* Protocol@2x.png in Resources */,
				1F50A3D9157BAAA400CF6068 /* Struct.png in Resources */,
				1F50A3DA157BAAA400CF6068 /* Struct@2x.png in Resources */,
				1F50A3DB157BAAA400CF6068 /* Typedef.png in Resources */,
				1F50A3DC157BAAA400CF6068 /* Typedef@2x.png in Resources */,
				1F50A3DD157BAAA400CF6068 /* Union.png in Resources */,
				1F50A3DE157BAAA400CF6068 /* Union@2x.png in Resources */,
				1F50A3DF157BAAA400CF6068 /* Value.png in Resources */,
				1F50A3E0157BAAA400CF6068 /* Value@2x.png in Resources */,
				1FBF3DE2157CAFD4007B8D97 /* STAPreferencesController.xib in Resources */,
				1FBF3DED157E3F22007B8D97 /* iOS.png in Resources */,
				1FBF3DEE157E3F22007B8D97 /* iOS@2x.png in Resources */,
				1FBF3DEF157E3F22007B8D97 /* MacOS.png in Resources */,
				1FBF3DF0157E3F22007B8D97 /* MacOS@2x.png in Resources */,
			);
			runOnlyForDeploymentPostprocessing = 0;
		};
		1F09B00515792B810081DC63 /* Resources */ = {
			isa = PBXResourcesBuildPhase;
			buildActionMask = 2147483647;
			files = (
				1F09B01315792B810081DC63 /* InfoPlist.strings in Resources */,
			);
			runOnlyForDeploymentPostprocessing = 0;
		};
/* End PBXResourcesBuildPhase section */

/* Begin PBXShellScriptBuildPhase section */
		1F09B00615792B810081DC63 /* ShellScript */ = {
			isa = PBXShellScriptBuildPhase;
			buildActionMask = 2147483647;
			files = (
			);
			inputPaths = (
			);
			outputPaths = (
			);
			runOnlyForDeploymentPostprocessing = 0;
			shellPath = /bin/sh;
			shellScript = "# Run the unit tests in this test bundle.\n\"${SYSTEM_DEVELOPER_DIR}/Tools/RunUnitTests\"\n";
		};
/* End PBXShellScriptBuildPhase section */

/* Begin PBXSourcesBuildPhase section */
		1F09AFE315792B810081DC63 /* Sources */ = {
			isa = PBXSourcesBuildPhase;
			buildActionMask = 2147483647;
			files = (
				1F09AFF815792B810081DC63 /* main.m in Sources */,
				1F09AFFF15792B810081DC63 /* STAAppDelegate.m in Sources */,
				1F09B02315795C7F0081DC63 /* STADocSet.m in Sources */,
				1F09B02A157A06510081DC63 /* HTMLNode.m in Sources */,
				1F09B02B157A06510081DC63 /* HTMLParser.m in Sources */,
				1F09B031157A12E70081DC63 /* STASymbol.m in Sources */,
				1F50A3A6157BA41C00CF6068 /* STASymbolTableViewCell.m in Sources */,
				1FBF3DE6157CAFEC007B8D97 /* STAPreferencesController.m in Sources */,
			);
			runOnlyForDeploymentPostprocessing = 0;
		};
		1F09B00315792B810081DC63 /* Sources */ = {
			isa = PBXSourcesBuildPhase;
			buildActionMask = 2147483647;
			files = (
				1F09B01615792B810081DC63 /* StashTests.m in Sources */,
			);
			runOnlyForDeploymentPostprocessing = 0;
		};
/* End PBXSourcesBuildPhase section */

/* Begin PBXTargetDependency section */
		1F09B00D15792B810081DC63 /* PBXTargetDependency */ = {
			isa = PBXTargetDependency;
			target = 1F09AFE615792B810081DC63 /* Stash */;
			targetProxy = 1F09B00C15792B810081DC63 /* PBXContainerItemProxy */;
		};
/* End PBXTargetDependency section */

/* Begin PBXVariantGroup section */
		1F09AFF415792B810081DC63 /* InfoPlist.strings */ = {
			isa = PBXVariantGroup;
			children = (
				1F09AFF515792B810081DC63 /* en */,
			);
			name = InfoPlist.strings;
			sourceTree = "<group>";
		};
		1F09AFFA15792B810081DC63 /* Credits.rtf */ = {
			isa = PBXVariantGroup;
			children = (
				1F09AFFB15792B810081DC63 /* en */,
			);
			name = Credits.rtf;
			sourceTree = "<group>";
		};
		1F09B00015792B810081DC63 /* MainMenu.xib */ = {
			isa = PBXVariantGroup;
			children = (
				1F09B00115792B810081DC63 /* en */,
			);
			name = MainMenu.xib;
			sourceTree = "<group>";
		};
		1F09B01115792B810081DC63 /* InfoPlist.strings */ = {
			isa = PBXVariantGroup;
			children = (
				1F09B01215792B810081DC63 /* en */,
			);
			name = InfoPlist.strings;
			sourceTree = "<group>";
		};
/* End PBXVariantGroup section */

/* Begin XCBuildConfiguration section */
		1F09B01715792B810081DC63 /* Debug */ = {
			isa = XCBuildConfiguration;
			buildSettings = {
				ALWAYS_SEARCH_USER_PATHS = NO;
				ARCHS = "$(ARCHS_STANDARD_64_BIT)";
				CLANG_ENABLE_OBJC_ARC = YES;
				COPY_PHASE_STRIP = NO;
				GCC_C_LANGUAGE_STANDARD = gnu99;
				GCC_DYNAMIC_NO_PIC = NO;
				GCC_ENABLE_OBJC_EXCEPTIONS = YES;
				GCC_OPTIMIZATION_LEVEL = 0;
				GCC_PREPROCESSOR_DEFINITIONS = (
					"DEBUG=1",
					"$(inherited)",
				);
				GCC_SYMBOLS_PRIVATE_EXTERN = NO;
				GCC_VERSION = com.apple.compilers.llvm.clang.1_0;
				GCC_WARN_64_TO_32_BIT_CONVERSION = YES;
				GCC_WARN_ABOUT_RETURN_TYPE = YES;
				GCC_WARN_UNINITIALIZED_AUTOS = YES;
				GCC_WARN_UNUSED_VARIABLE = YES;
				HEADER_SEARCH_PATHS = /usr/include/libxml2;
				MACOSX_DEPLOYMENT_TARGET = 10.7;
				ONLY_ACTIVE_ARCH = YES;
				SDKROOT = macosx;
			};
			name = Debug;
		};
		1F09B01815792B810081DC63 /* Release */ = {
			isa = XCBuildConfiguration;
			buildSettings = {
				ALWAYS_SEARCH_USER_PATHS = NO;
				ARCHS = "$(ARCHS_STANDARD_64_BIT)";
				CLANG_ENABLE_OBJC_ARC = YES;
				COPY_PHASE_STRIP = YES;
				DEBUG_INFORMATION_FORMAT = "dwarf-with-dsym";
				GCC_C_LANGUAGE_STANDARD = gnu99;
				GCC_ENABLE_OBJC_EXCEPTIONS = YES;
				GCC_VERSION = com.apple.compilers.llvm.clang.1_0;
				GCC_WARN_64_TO_32_BIT_CONVERSION = YES;
				GCC_WARN_ABOUT_RETURN_TYPE = YES;
				GCC_WARN_UNINITIALIZED_AUTOS = YES;
				GCC_WARN_UNUSED_VARIABLE = YES;
				HEADER_SEARCH_PATHS = /usr/include/libxml2;
				MACOSX_DEPLOYMENT_TARGET = 10.7;
				SDKROOT = macosx;
			};
			name = Release;
		};
		1F09B01A15792B810081DC63 /* Debug */ = {
			isa = XCBuildConfiguration;
			buildSettings = {
				GCC_PRECOMPILE_PREFIX_HEADER = YES;
				GCC_PREFIX_HEADER = "Stash/Stash-Prefix.pch";
				INFOPLIST_FILE = "Stash/Stash-Info.plist";
				PRODUCT_NAME = "$(TARGET_NAME)";
				WRAPPER_EXTENSION = app;
			};
			name = Debug;
		};
		1F09B01B15792B810081DC63 /* Release */ = {
			isa = XCBuildConfiguration;
			buildSettings = {
				GCC_PRECOMPILE_PREFIX_HEADER = YES;
				GCC_PREFIX_HEADER = "Stash/Stash-Prefix.pch";
				INFOPLIST_FILE = "Stash/Stash-Info.plist";
				PRODUCT_NAME = "$(TARGET_NAME)";
				WRAPPER_EXTENSION = app;
			};
			name = Release;
		};
		1F09B01D15792B810081DC63 /* Debug */ = {
			isa = XCBuildConfiguration;
			buildSettings = {
				BUNDLE_LOADER = "$(BUILT_PRODUCTS_DIR)/Stash.app/Contents/MacOS/Stash";
				FRAMEWORK_SEARCH_PATHS = "$(DEVELOPER_LIBRARY_DIR)/Frameworks";
				GCC_PRECOMPILE_PREFIX_HEADER = YES;
				GCC_PREFIX_HEADER = "Stash/Stash-Prefix.pch";
				INFOPLIST_FILE = "StashTests/StashTests-Info.plist";
				PRODUCT_NAME = "$(TARGET_NAME)";
				TEST_HOST = "$(BUNDLE_LOADER)";
				WRAPPER_EXTENSION = octest;
			};
			name = Debug;
		};
		1F09B01E15792B810081DC63 /* Release */ = {
			isa = XCBuildConfiguration;
			buildSettings = {
				BUNDLE_LOADER = "$(BUILT_PRODUCTS_DIR)/Stash.app/Contents/MacOS/Stash";
				FRAMEWORK_SEARCH_PATHS = "$(DEVELOPER_LIBRARY_DIR)/Frameworks";
				GCC_PRECOMPILE_PREFIX_HEADER = YES;
				GCC_PREFIX_HEADER = "Stash/Stash-Prefix.pch";
				INFOPLIST_FILE = "StashTests/StashTests-Info.plist";
				PRODUCT_NAME = "$(TARGET_NAME)";
				TEST_HOST = "$(BUNDLE_LOADER)";
				WRAPPER_EXTENSION = octest;
			};
			name = Release;
		};
/* End XCBuildConfiguration section */

/* Begin XCConfigurationList section */
		1F09AFE115792B810081DC63 /* Build configuration list for PBXProject "Stash" */ = {
			isa = XCConfigurationList;
			buildConfigurations = (
				1F09B01715792B810081DC63 /* Debug */,
				1F09B01815792B810081DC63 /* Release */,
			);
			defaultConfigurationIsVisible = 0;
			defaultConfigurationName = Release;
		};
		1F09B01915792B810081DC63 /* Build configuration list for PBXNativeTarget "Stash" */ = {
			isa = XCConfigurationList;
			buildConfigurations = (
				1F09B01A15792B810081DC63 /* Debug */,
				1F09B01B15792B810081DC63 /* Release */,
			);
			defaultConfigurationIsVisible = 0;
			defaultConfigurationName = Release;
		};
		1F09B01C15792B810081DC63 /* Build configuration list for PBXNativeTarget "StashTests" */ = {
			isa = XCConfigurationList;
			buildConfigurations = (
				1F09B01D15792B810081DC63 /* Debug */,
				1F09B01E15792B810081DC63 /* Release */,
			);
			defaultConfigurationIsVisible = 0;
			defaultConfigurationName = Release;
		};
/* End XCConfigurationList section */
	};
	rootObject = 1F09AFDE15792B810081DC63 /* Project object */;
}
